
Microsoft Visual Studio Solution File, Format Version 12.00
# Visual Studio Version 17
VisualStudioVersion = 17.5.33530.505
MinimumVisualStudioVersion = 10.0.40219.1
Project("{FAE04EC0-301F-11D3-BF4B-00C04F79EFBC}") = "TwoSum", "TwoSum\TwoSum.csproj", "{24805D3D-B15D-41CA-8E4F-905C509855F0}"
EndProject
Global
	GlobalSection(SolutionConfigurationPlatforms) = preSolution
		Debug|Any CPU = Debug|Any CPU
		Release|Any CPU = Release|Any CPU
	EndGlobalSection
	GlobalSection(ProjectConfigurationPlatforms) = postSolution
		{24805D3D-B15D-41CA-8E4F-905C509855F0}.Debug|Any CPU.ActiveCfg = Debug|Any CPU
		{24805D3D-B15D-41CA-8E4F-905C509855F0}.Debug|Any CPU.Build.0 = Debug|Any CPU
		{24805D3D-B15D-41CA-8E4F-905C509855F0}.Release|Any CPU.ActiveCfg = Release|Any CPU
		{24805D3D-B15D-41CA-8E4F-905C509855F0}.Release|Any CPU.Build.0 = Release|Any CPU
	EndGlobalSection
	GlobalSection(SolutionProperties) = preSolution
		HideSolutionNode = FALSE
	EndGlobalSection
	GlobalSection(ExtensibilityGlobals) = postSolution
		SolutionGuid = {89E70016-F164-424F-8666-070BF62DE839}
	EndGlobalSection
EndGlobal
